
Microsoft Visual Studio Solution File, Format Version 12.00
# Visual Studio 15
VisualStudioVersion = 15.0.28307.645
MinimumVisualStudioVersion = 10.0.40219.1
Project("{FAE04EC0-301F-11D3-BF4B-00C04F79EFBC}") = "BookmarkManager", "BookmarkManager\BookmarkManager.csproj", "{9DC005D9-C542-4AFA-8E95-4589AC0402E0}"
EndProject
Project("{FAE04EC0-301F-11D3-BF4B-00C04F79EFBC}") = "BookmarkDataProvider", "BookmarkDataProvider\BookmarkDataProvider.csproj", "{F1FFDE5D-1D5D-4FBA-8482-C713D8D3CE96}"
EndProject
Project("{FAE04EC0-301F-11D3-BF4B-00C04F79EFBC}") = "BookmarkDtos", "BookmarkDtos\BookmarkDtos.csproj", "{A7E0DD29-3976-4FDE-974C-C071DA6FA189}"
EndProject
Global
	GlobalSection(SolutionConfigurationPlatforms) = preSolution
		Debug|Any CPU = Debug|Any CPU
		Release|Any CPU = Release|Any CPU
	EndGlobalSection
	GlobalSection(ProjectConfigurationPlatforms) = postSolution
		{9DC005D9-C542-4AFA-8E95-4589AC0402E0}.Debug|Any CPU.ActiveCfg = Debug|Any CPU
		{9DC005D9-C542-4AFA-8E95-4589AC0402E0}.Debug|Any CPU.Build.0 = Debug|Any CPU
		{9DC005D9-C542-4AFA-8E95-4589AC0402E0}.Release|Any CPU.ActiveCfg = Release|Any CPU
		{9DC005D9-C542-4AFA-8E95-4589AC0402E0}.Release|Any CPU.Build.0 = Release|Any CPU
		{F1FFDE5D-1D5D-4FBA-8482-C713D8D3CE96}.Debug|Any CPU.ActiveCfg = Debug|Any CPU
		{F1FFDE5D-1D5D-4FBA-8482-C713D8D3CE96}.Debug|Any CPU.Build.0 = Debug|Any CPU
		{F1FFDE5D-1D5D-4FBA-8482-C713D8D3CE96}.Release|Any CPU.ActiveCfg = Release|Any CPU
		{F1FFDE5D-1D5D-4FBA-8482-C713D8D3CE96}.Release|Any CPU.Build.0 = Release|Any CPU
		{A7E0DD29-3976-4FDE-974C-C071DA6FA189}.Debug|Any CPU.ActiveCfg = Debug|Any CPU
		{A7E0DD29-3976-4FDE-974C-C071DA6FA189}.Debug|Any CPU.Build.0 = Debug|Any CPU
		{A7E0DD29-3976-4FDE-974C-C071DA6FA189}.Release|Any CPU.ActiveCfg = Release|Any CPU
		{A7E0DD29-3976-4FDE-974C-C071DA6FA189}.Release|Any CPU.Build.0 = Release|Any CPU
	EndGlobalSection
	GlobalSection(SolutionProperties) = preSolution
		HideSolutionNode = FALSE
	EndGlobalSection
	GlobalSection(ExtensibilityGlobals) = postSolution
		SolutionGuid = {D94414F3-A287-44A7-AA5C-F01399284D19}
	EndGlobalSection
EndGlobal
